{
  "version": 1,
  "dependencies": {
    "net9.0": {
      "Azure.Identity": {
        "type": "Direct",
        "requested": "[1.15.0, )",
        "resolved": "1.15.0",
        "contentHash": "tvJVy5s8VdsAYHIcBw1KrwDTcTWr2K5fG5o/xEJ2zU3+QUViDx/utut83+fGoB/bcBspxuC6wG650GwAUkU2UQ==",
        "dependencies": {
          "Azure.Core": "1.47.1",
          "Microsoft.Identity.Client": "4.73.1",
          "Microsoft.Identity.Client.Extensions.Msal": "4.73.1"
        }
      },
      "Azure.Storage.Blobs": {
        "type": "Direct",
        "requested": "[12.25.0, )",
        "resolved": "12.25.0",
        "contentHash": "+5rQj7vQ2NsVxEzFeGxRGP44P9GhJcJMEZTaG/w96z/c8mEO6OoawBAr8tJ/0vH1QSVkjfr+IY3GmGpT507I0w==",
        "dependencies": {
          "Azure.Storage.Common": "12.24.0"
        }
      },
      "BitFaster.Caching": {
        "type": "Direct",
        "requested": "[2.5.4, )",
        "resolved": "2.5.4",
        "contentHash": "1QroTY1PVCZOSG9FnkkCrmCKk/+bZCgI/YXq376HnYwUDJ4Ho0EaV4YaA/5v5WYLnwIwIO7RZkdWbg9pxIpueQ=="
      },
      "Docker.DotNet": {
        "type": "Direct",
        "requested": "[3.125.15, )",
        "resolved": "3.125.15",
        "contentHash": "XN8FKxVv8Mjmwu104/Hl9lM61pLY675s70gzwSj8KR5pwblo8HfWLcCuinh9kYsqujBkMH4HVRCEcRuU6al4BQ==",
        "dependencies": {
          "Newtonsoft.Json": "13.0.1",
          "System.Buffers": "4.5.1",
          "System.Threading.Tasks.Extensions": "4.5.4"
        }
      },
      "Dunet": {
        "type": "Direct",
        "requested": "[1.11.3, )",
        "resolved": "1.11.3",
        "contentHash": "xve1qb4EfUFLnoluZlDlfByd2wm/dQnuPF42hcWD4TbK0q4UD8jQNWIXvdG90972sOpjDKn6fMf2fCyOOyPX3g=="
      },
      "Generator.Equals": {
        "type": "Direct",
        "requested": "[3.2.1, )",
        "resolved": "3.2.1",
        "contentHash": "tlfnkM1DorGCzPpJ7KQksntRMFWP1dFwoyQyLm8vEP0kzinRtTdpqAb90sJmI8D0zu2LSl2HvtygyzBUFI35ww==",
        "dependencies": {
          "Generator.Equals.Runtime": "3.2.1"
        }
      },
      "KubernetesClient": {
        "type": "Direct",
        "requested": "[17.0.4, )",
        "resolved": "17.0.4",
        "contentHash": "cpWJdHP2HM2/p+GCeZf5vdIZrmGcRmfJeCJYg7YCbyYrWvIPFdR0daFdBj1k1DDZ9hIgqf6h4EvXF8pz49lDAA==",
        "dependencies": {
          "Fractions": "7.3.0",
          "YamlDotNet": "16.3.0"
        }
      },
      "Microsoft.AspNetCore.Authentication.JwtBearer": {
        "type": "Direct",
        "requested": "[9.0.8, )",
        "resolved": "9.0.8",
        "contentHash": "pEuE/xaXHk2Rr2YiTraS7i2MNoTXSnX79VlJcdKx9MczrhDfBO4tHdF4HWOo542WPbjSeZx2PFjmHygo0XnK3Q==",
        "dependencies": {
          "Microsoft.IdentityModel.Protocols.OpenIdConnect": "8.0.1"
        }
      },
      "Microsoft.AspNetCore.OpenApi": {
        "type": "Direct",
        "requested": "[9.0.8, )",
        "resolved": "9.0.8",
        "contentHash": "BwF9sQCKmvu93C/pmKxJjPhF5fFB23MEcgTsGL+7W3wKLYawS4lyFSL5/qh00IJzuADLf+1SmvxMaphbyZYqQQ==",
        "dependencies": {
          "Microsoft.OpenApi": "1.6.17"
        }
      },
      "Microsoft.Extensions.Http.Resilience": {
        "type": "Direct",
        "requested": "[9.8.0, )",
        "resolved": "9.8.0",
        "contentHash": "ruZA0njkKRk2W6V0OqfC+rgKFe0pT/fl7MOYaGoSVAZgjW8r0wrrsEp2c+YqOXGhQfAuyyvZq1Wg1EiL3+0ncQ==",
        "dependencies": {
          "Microsoft.Extensions.Http.Diagnostics": "9.8.0",
          "Microsoft.Extensions.ObjectPool": "9.0.8",
          "Microsoft.Extensions.Resilience": "9.8.0"
        }
      },
      "Microsoft.Extensions.ObjectPool": {
        "type": "Direct",
        "requested": "[9.0.8, )",
        "resolved": "9.0.8",
        "contentHash": "+OMy2qWbhf7HMGHDhHWUMo84Nlaphxj8p4rvn3kPpPUE2pv2GVQkI+QP4/+y8uZMSkjj6F5bthQPRJ1NNDK0jg=="
      },
      "Microsoft.IdentityModel.Protocols.OpenIdConnect": {
        "type": "Direct",
        "requested": "[8.14.0, )",
        "resolved": "8.14.0",
        "contentHash": "afwKt+g52FXMu5Hsgpm6cFSFh40WYbnvXKJDCCBjcV10m6eXRwN2SBpg3auyyA6mYDZVaEtxYaOLXqsZAz4oig==",
        "dependencies": {
          "Microsoft.IdentityModel.Protocols": "8.14.0",
          "System.IdentityModel.Tokens.Jwt": "8.14.0"
        }
      },
      "Microsoft.OpenApi": {
        "type": "Direct",
        "requested": "[1.6.23, )",
        "resolved": "1.6.23",
        "contentHash": "tZ1I0KXnn98CWuV8cpI247A17jaY+ILS9vvF7yhI0uPPEqF4P1d7BWL5Uwtel10w9NucllHB3nTkfYTAcHAh8g=="
      },
      "Npgsql": {
        "type": "Direct",
        "requested": "[9.0.3, )",
        "resolved": "9.0.3",
        "contentHash": "tPvY61CxOAWxNsKLEBg+oR646X4Bc8UmyQ/tJszL/7mEmIXQnnBhVJZrZEEUv0Bstu0mEsHZD5At3EO8zQRAYw==",
        "dependencies": {
          "Microsoft.Extensions.Logging.Abstractions": "8.0.2"
        }
      },
      "Polly.Core": {
        "type": "Direct",
        "requested": "[8.6.2, )",
        "resolved": "8.6.2",
        "contentHash": "ImAKLH6qVDjj0vzw+QxMYxxT/NhQrHK+sZE4GT5JbIfDBOrMDbE4we3BR6SqUQCJuKdjOKf3smUjxIgOUUfNVw=="
      },
      "SimpleBase": {
        "type": "Direct",
        "requested": "[5.4.1, )",
        "resolved": "5.4.1",
        "contentHash": "I3a7S1SMFzML3rnhuQ/b0RSgOlcfQPfvgSuvhjzSfBywQbHgnYYg3hb7qI+U18bwzYp1o5eufaNvj91yyNYGbQ==",
        "dependencies": {
          "System.Memory": "4.6.3"
        }
      },
      "Swashbuckle.AspNetCore": {
        "type": "Direct",
        "requested": "[9.0.3, )",
        "resolved": "9.0.3",
        "contentHash": "Akk4oFgy0ST8Q8pZTfPbrt045tWNyMMiKhlbYjG3qnjQZLz645IL5vhQm7NLicc2sAAQ+vftArIlsYWFevmb2g==",
        "dependencies": {
          "Microsoft.Extensions.ApiDescription.Server": "9.0.0",
          "Swashbuckle.AspNetCore.Swagger": "9.0.3",
          "Swashbuckle.AspNetCore.SwaggerGen": "9.0.3",
          "Swashbuckle.AspNetCore.SwaggerUI": "9.0.3"
        }
      },
      "System.CommandLine": {
        "type": "Direct",
        "requested": "[2.0.0-beta4.22272.1, )",
        "resolved": "2.0.0-beta4.22272.1",
        "contentHash": "1uqED/q2H0kKoLJ4+hI2iPSBSEdTuhfCYADeJrAqERmiGQ2NNacYKRNEQ+gFbU4glgVyK8rxI+ZOe1onEtr/Pg=="
      },
      "System.IdentityModel.Tokens.Jwt": {
        "type": "Direct",
        "requested": "[8.14.0, )",
        "resolved": "8.14.0",
        "contentHash": "EYGgN/S+HK7S6F3GaaPLFAfK0UzMrkXFyWCvXpQWFYmZln3dqtbyIO7VuTM/iIIPMzkelg8ZLlBPvMhxj6nOAA==",
        "dependencies": {
          "Microsoft.IdentityModel.JsonWebTokens": "8.14.0",
          "Microsoft.IdentityModel.Tokens": "8.14.0"
        }
      },
      "System.Interactive.Async": {
        "type": "Direct",
        "requested": "[6.0.3, )",
        "resolved": "6.0.3",
        "contentHash": "OAcB2IdKXsU1xT1xPnpNh8/czT/+EbVcIkNgo92p39R2ScegChS6Sdgpdk9+IsJW4XOjkT+iCUgZvljC6dLgTA==",
        "dependencies": {
          "System.Linq.Async": "6.0.3"
        }
      },
      "System.IO.Hashing": {
        "type": "Direct",
        "requested": "[9.0.8, )",
        "resolved": "9.0.8",
        "contentHash": "5TJUS9EIYrp0VEcm06EPYxXmLmsVUakewFnM/CAxQfvlasI9fGkTKM9afSf2dodZcMCzFna/o7Fn+gYRt3uTiA=="
      },
      "System.Linq.Async": {
        "type": "Direct",
        "requested": "[6.0.3, )",
        "resolved": "6.0.3",
        "contentHash": "hSHiq2m1ky7zUQgTp+/2h1K3lABIQ+GltRixoclHPg/Sc1vnfeS6g/Uy5moOVZKrZJdQiFPFZd6OobBp3tZcFg=="
      },
      "Asp.Versioning.Abstractions": {
        "type": "Transitive",
        "resolved": "8.1.0",
        "contentHash": "mpeNZyMdvrHztJwR1sXIUQ+3iioEU97YMBnFA9WLbsPOYhGwDJnqJMmEd8ny7kcmS9OjTHoEuX/bSXXY3brIFA==",
        "dependencies": {
          "Microsoft.Extensions.Primitives": "8.0.0"
        }
      },
      "Asp.Versioning.Http": {
        "type": "Transitive",
        "resolved": "8.1.0",
        "contentHash": "Xu4xF62Cu9JqYi/CTa2TiK5kyHoa4EluPynj/bPFWDmlTIPzuJQbBI5RgFYVRFHjFVvWMoA77acRaFu7i7Wzqg==",
        "dependencies": {
          "Asp.Versioning.Abstractions": "8.1.0"
        }
      },
      "Asp.Versioning.Mvc": {
        "type": "Transitive",
        "resolved": "8.1.0",
        "contentHash": "BMAJM2sGsTUw5FQ9upKQt6GFoldWksePgGpYjl56WSRvIuE3UxKZh0gAL+wDTIfLshUZm97VCVxlOGyrcjWz9Q==",
        "dependencies": {
          "Asp.Versioning.Http": "8.1.0"
        }
      },
      "Asp.Versioning.Mvc.ApiExplorer": {
        "type": "Transitive",
        "resolved": "8.1.0",
        "contentHash": "a90gW/4TF/14Bjiwg9LqNtdKGC4G3gu02+uynq3bCISfQm48km5chny4Yg5J4hixQPJUwwJJ9Do1G+jM8L9h3g==",
        "dependencies": {
          "Asp.Versioning.Mvc": "8.1.0"
        }
      },
      "Azure.Core": {
        "type": "Transitive",
        "resolved": "1.47.1",
        "contentHash": "oPcncSsDHuxB8SC522z47xbp2+ttkcKv2YZ90KXhRKN0YQd2+7l1UURT9EBzUNEXtkLZUOAB5xbByMTrYRh3yA==",
        "dependencies": {
          "Microsoft.Bcl.AsyncInterfaces": "8.0.0",
          "System.ClientModel": "1.5.1",
          "System.Memory.Data": "8.0.1"
        }
      },
      "Azure.Storage.Common": {
        "type": "Transitive",
        "resolved": "12.24.0",
        "contentHash": "JOmmSgNvH/zRWRihT6PZapEdTNESP4YtGS5OjbkUAg6EFiM6Ite7hDkqzJrA7QKmi1SRwZ40vpHi1McVpQuhgw==",
        "dependencies": {
          "Azure.Core": "1.44.1",
          "System.IO.Hashing": "8.0.0"
        }
      },
      "Fractions": {
        "type": "Transitive",
        "resolved": "7.3.0",
        "contentHash": "2bETFWLBc8b7Ut2SVi+bxhGVwiSpknHYGBh2PADyGWONLkTxT7bKyDRhF8ao+XUv90tq8Fl7GTPxSI5bacIRJw=="
      },
      "Generator.Equals.Runtime": {
        "type": "Transitive",
        "resolved": "3.2.1",
        "contentHash": "Sk4qVbu6hQHaveeNz6LgpaSbiOwFwVHp45Mdlfv5o1qY8TonKRjADI2VejwpOFG+cee1IUONMYjjIpB2+UiYHw==",
        "dependencies": {
          "Microsoft.Bcl.HashCode": "1.1.1"
        }
      },
      "Microsoft.Bcl.AsyncInterfaces": {
        "type": "Transitive",
        "resolved": "8.0.0",
        "contentHash": "3WA9q9yVqJp222P3x1wYIGDAkpjAku0TMUaaQV22g6L67AI0LdOIrVS7Ht2vJfLHGSPVuqN94vIr15qn+HEkHw=="
      },
      "Microsoft.Bcl.HashCode": {
        "type": "Transitive",
        "resolved": "1.1.1",
        "contentHash": "MalY0Y/uM/LjXtHfX/26l2VtN4LDNZ2OE3aumNOHDLsT4fNYy2hiHXI4CXCqKpNUNm7iJ2brrc4J89UdaL56FA=="
      },
      "Microsoft.Extensions.AmbientMetadata.Application": {
        "type": "Transitive",
        "resolved": "9.8.0",
        "contentHash": "NEzH1h6sNqBMZiy3JCsPbAOCKN9dOQ65aAhXK2CuqmfM8pcsYQH8jrwSJjvGf8G8m0FY6B31AgkI6/cE8Xzvvg==",
        "dependencies": {
          "Microsoft.Extensions.Configuration": "9.0.8",
          "Microsoft.Extensions.Hosting.Abstractions": "9.0.8",
          "Microsoft.Extensions.Options.ConfigurationExtensions": "9.0.8"
        }
      },
      "Microsoft.Extensions.ApiDescription.Server": {
        "type": "Transitive",
        "resolved": "9.0.0",
        "contentHash": "1Kzzf7pRey40VaUkHN9/uWxrKVkLu2AQjt+GVeeKLLpiEHAJ1xZRsLSh4ZZYEnyS7Kt2OBOPmsXNdU+wbcOl5w=="
      },
      "Microsoft.Extensions.Compliance.Abstractions": {
        "type": "Transitive",
        "resolved": "9.8.0",
        "contentHash": "PNmBfkdM4GzZRpq40UIO0xPLHIgfZAQ246NGu1S5hOCtIZHBjCREqYpygM6PIGJ+I81QXm4Be058AWym4SmXTQ==",
        "dependencies": {
          "Microsoft.Extensions.DependencyInjection.Abstractions": "9.0.8",
          "Microsoft.Extensions.ObjectPool": "9.0.8"
        }
      },
      "Microsoft.Extensions.Configuration": {
        "type": "Transitive",
        "resolved": "9.0.8",
        "contentHash": "6m+8Xgmf8UWL0p/oGqBM+0KbHE5/ePXbV1hKXgC59zEv0aa0DW5oiiyxDbK5kH5j4gIvyD5uWL0+HadKBJngvQ==",
        "dependencies": {
          "Microsoft.Extensions.Configuration.Abstractions": "9.0.8",
          "Microsoft.Extensions.Primitives": "9.0.8"
        }
      },
      "Microsoft.Extensions.Configuration.Abstractions": {
        "type": "Transitive",
        "resolved": "9.0.8",
        "contentHash": "yNou2KM35RvzOh4vUFtl2l33rWPvOCoba+nzEDJ+BgD8aOL/jew4WPCibQvntRfOJ2pJU8ARygSMD+pdjvDHuA==",
        "dependencies": {
          "Microsoft.Extensions.Primitives": "9.0.8"
        }
      },
      "Microsoft.Extensions.Configuration.Binder": {
        "type": "Transitive",
        "resolved": "9.0.8",
        "contentHash": "0vK9DnYrYChdiH3yRZWkkp4x4LbrfkWEdBc5HOsQ8t/0CLOWKXKkkhOE8A1shlex0hGydbGrhObeypxz/QTm+w==",
        "dependencies": {
          "Microsoft.Extensions.Configuration.Abstractions": "9.0.8"
        }
      },
      "Microsoft.Extensions.DependencyInjection": {
        "type": "Transitive",
        "resolved": "9.0.8",
        "contentHash": "JJjI2Fa+QtZcUyuNjbKn04OjIUX5IgFGFu/Xc+qvzh1rXdZHLcnqqVXhR4093bGirTwacRlHiVg1XYI9xum6QQ==",
        "dependencies": {
          "Microsoft.Extensions.DependencyInjection.Abstractions": "9.0.8"
        }
      },
      "Microsoft.Extensions.DependencyInjection.Abstractions": {
        "type": "Transitive",
        "resolved": "9.0.8",
        "contentHash": "xY3lTjj4+ZYmiKIkyWitddrp1uL5uYiweQjqo4BKBw01ZC4HhcfgLghDpPZcUlppgWAFqFy9SgkiYWOMx365pw=="
      },
      "Microsoft.Extensions.DependencyInjection.AutoActivation": {
        "type": "Transitive",
        "resolved": "9.8.0",
        "contentHash": "aFPPydGE83MCtxUdjE5iBU7UNLSioB1m/4gWMO9Plh8mXu5umQLPKXwq/Bzd+tSeoKmkzJgqecwRn6C1aXzwGA==",
        "dependencies": {
          "Microsoft.Extensions.Hosting.Abstractions": "9.0.8"
        }
      },
      "Microsoft.Extensions.Diagnostics": {
        "type": "Transitive",
        "resolved": "9.0.8",
        "contentHash": "BKkLCFXzJvNmdngeYBf72VXoZqTJSb1orvjdzDLaGobicoGFBPW8ug2ru1nnEewMEwJzMgnsjHQY8EaKWmVhKg==",
        "dependencies": {
          "Microsoft.Extensions.Configuration": "9.0.8",
          "Microsoft.Extensions.Diagnostics.Abstractions": "9.0.8",
          "Microsoft.Extensions.Options.ConfigurationExtensions": "9.0.8"
        }
      },
      "Microsoft.Extensions.Diagnostics.Abstractions": {
        "type": "Transitive",
        "resolved": "9.0.8",
        "contentHash": "UDY7blv4DCyIJ/8CkNrQKLaAZFypXQavRZ2DWf/2zi1mxYYKKw2t8AOCBWxNntyPZHPGhtEmL3snFM98ADZqTw==",
        "dependencies": {
          "Microsoft.Extensions.DependencyInjection.Abstractions": "9.0.8",
          "Microsoft.Extensions.Options": "9.0.8"
        }
      },
      "Microsoft.Extensions.Diagnostics.ExceptionSummarization": {
        "type": "Transitive",
        "resolved": "9.8.0",
        "contentHash": "uOFTYKABSr+H5C9V5mxTf0hluApAP+p1JNfELARilqq7kujQtsJpW/wUmFhqRYUuOmh1O7IbWllVXNV1qMtDOQ==",
        "dependencies": {
          "Microsoft.Extensions.DependencyInjection.Abstractions": "9.0.8"
        }
      },
      "Microsoft.Extensions.FileProviders.Abstractions": {
        "type": "Transitive",
        "resolved": "9.0.8",
        "contentHash": "4zZbQ4w+hCMm9J+z5NOj3giIPT2MhZxx05HX/MGuAmDBbjOuXlYIIRN+t4V6OLxy5nXZIcXO+dQMB/OWubuDkw==",
        "dependencies": {
          "Microsoft.Extensions.Primitives": "9.0.8"
        }
      },
      "Microsoft.Extensions.Hosting.Abstractions": {
        "type": "Transitive",
        "resolved": "9.0.8",
        "contentHash": "WNrad20tySNCPe9aJUK7Wfwh+RiyLF+id02FKW8Qfc+HAzNQHazcqMXAbwG/kmbS89uvan/nKK1MufkRahjrJA==",
        "dependencies": {
          "Microsoft.Extensions.Configuration.Abstractions": "9.0.8",
          "Microsoft.Extensions.DependencyInjection.Abstractions": "9.0.8",
          "Microsoft.Extensions.Diagnostics.Abstractions": "9.0.8",
          "Microsoft.Extensions.FileProviders.Abstractions": "9.0.8",
          "Microsoft.Extensions.Logging.Abstractions": "9.0.8"
        }
      },
      "Microsoft.Extensions.Http": {
        "type": "Transitive",
        "resolved": "9.0.8",
        "contentHash": "jDj+4aDByk47oESlDDTtk6LWzlXlmoCsjCn6ihd+i9OntN885aPLszUII5+w0B/7wYSZcS3KdjqLAIhKLSiBXQ==",
        "dependencies": {
          "Microsoft.Extensions.Configuration.Abstractions": "9.0.8",
          "Microsoft.Extensions.DependencyInjection.Abstractions": "9.0.8",
          "Microsoft.Extensions.Diagnostics": "9.0.8",
          "Microsoft.Extensions.Logging": "9.0.8",
          "Microsoft.Extensions.Logging.Abstractions": "9.0.8",
          "Microsoft.Extensions.Options": "9.0.8"
        }
      },
      "Microsoft.Extensions.Http.Diagnostics": {
        "type": "Transitive",
        "resolved": "9.8.0",
        "contentHash": "uRb8lu0tNmE8OO6Zq/SfQg+pv9q67g8l2kadMEqpXTy2qw9+6+rBpgE8MU/rTgPd7iOOlQThY65CABD/7f3dow==",
        "dependencies": {
          "Microsoft.Extensions.Http": "9.0.8",
          "Microsoft.Extensions.Telemetry": "9.8.0"
        }
      },
      "Microsoft.Extensions.Logging": {
        "type": "Transitive",
        "resolved": "9.0.8",
        "contentHash": "Z/7ze+0iheT7FJeZPqJKARYvyC2bmwu3whbm/48BJjdlGVvgDguoCqJIkI/67NkroTYobd5geai1WheNQvWrgA==",
        "dependencies": {
          "Microsoft.Extensions.DependencyInjection": "9.0.8",
          "Microsoft.Extensions.Logging.Abstractions": "9.0.8",
          "Microsoft.Extensions.Options": "9.0.8"
        }
      },
      "Microsoft.Extensions.Logging.Abstractions": {
        "type": "Transitive",
        "resolved": "9.0.8",
        "contentHash": "pYnAffJL7ARD/HCnnPvnFKSIHnTSmWz84WIlT9tPeQ4lHNiu0Az7N/8itihWvcF8sT+VVD5lq8V+ckMzu4SbOw==",
        "dependencies": {
          "Microsoft.Extensions.DependencyInjection.Abstractions": "9.0.8"
        }
      },
      "Microsoft.Extensions.Logging.Configuration": {
        "type": "Transitive",
        "resolved": "9.0.8",
        "contentHash": "Us4evDN3lbp1beVgrpxkSXKrbntVGAK+YbSo9P9driiU9PK05+ShhgesJ3aj7SuDfr3mqqcEgrMJ87Vu8t5dhw==",
        "dependencies": {
          "Microsoft.Extensions.Configuration": "9.0.8",
          "Microsoft.Extensions.Configuration.Abstractions": "9.0.8",
          "Microsoft.Extensions.Configuration.Binder": "9.0.8",
          "Microsoft.Extensions.DependencyInjection.Abstractions": "9.0.8",
          "Microsoft.Extensions.Logging": "9.0.8",
          "Microsoft.Extensions.Logging.Abstractions": "9.0.8",
          "Microsoft.Extensions.Options": "9.0.8",
          "Microsoft.Extensions.Options.ConfigurationExtensions": "9.0.8"
        }
      },
      "Microsoft.Extensions.Options": {
        "type": "Transitive",
        "resolved": "9.0.8",
        "contentHash": "OmTaQ0v4gxGQkehpwWIqPoEiwsPuG/u4HUsbOFoWGx4DKET2AXzopnFe/fE608FIhzc/kcg2p8JdyMRCCUzitQ==",
        "dependencies": {
          "Microsoft.Extensions.DependencyInjection.Abstractions": "9.0.8",
          "Microsoft.Extensions.Primitives": "9.0.8"
        }
      },
      "Microsoft.Extensions.Options.ConfigurationExtensions": {
        "type": "Transitive",
        "resolved": "9.0.8",
        "contentHash": "eW2s6n06x0w6w4nsX+SvpgsFYkl+Y0CttYAt6DKUXeqprX+hzNqjSfOh637fwNJBg7wRBrOIRHe49gKiTgJxzQ==",
        "dependencies": {
          "Microsoft.Extensions.Configuration.Abstractions": "9.0.8",
          "Microsoft.Extensions.Configuration.Binder": "9.0.8",
          "Microsoft.Extensions.DependencyInjection.Abstractions": "9.0.8",
          "Microsoft.Extensions.Options": "9.0.8",
          "Microsoft.Extensions.Primitives": "9.0.8"
        }
      },
      "Microsoft.Extensions.Primitives": {
        "type": "Transitive",
        "resolved": "9.0.8",
        "contentHash": "tizSIOEsIgSNSSh+hKeUVPK7xmTIjR8s+mJWOu1KXV3htvNQiPMFRMO17OdI1y/4ZApdBVk49u/08QGC9yvLug=="
      },
      "Microsoft.Extensions.Resilience": {
        "type": "Transitive",
        "resolved": "9.8.0",
        "contentHash": "GLgn4TR+9QaDquaLR94tgsvSftXOJaBiepqFsWQV9VBH6CFK2hY6oTSudyIDYub+qAszMdgDxW9FwFj1tkXyxA==",
        "dependencies": {
          "Microsoft.Extensions.Diagnostics": "9.0.8",
          "Microsoft.Extensions.Diagnostics.ExceptionSummarization": "9.8.0",
          "Microsoft.Extensions.Options.ConfigurationExtensions": "9.0.8",
          "Microsoft.Extensions.Telemetry.Abstractions": "9.8.0",
          "Polly.Extensions": "8.4.2",
          "Polly.RateLimiting": "8.4.2"
        }
      },
      "Microsoft.Extensions.Telemetry": {
        "type": "Transitive",
        "resolved": "9.8.0",
        "contentHash": "OAQw8rUlx5UdN0tpT0n0QwtwYb3tI605hoMx0TrXJowuj7xnvvxnnTiBQS8IZUldd9tqb73I0fAKk5yopTYU3w==",
        "dependencies": {
          "Microsoft.Extensions.AmbientMetadata.Application": "9.8.0",
          "Microsoft.Extensions.DependencyInjection.AutoActivation": "9.8.0",
          "Microsoft.Extensions.Logging.Configuration": "9.0.8",
          "Microsoft.Extensions.ObjectPool": "9.0.8",
          "Microsoft.Extensions.Telemetry.Abstractions": "9.8.0"
        }
      },
      "Microsoft.Extensions.Telemetry.Abstractions": {
        "type": "Transitive",
        "resolved": "9.8.0",
        "contentHash": "kO2q2nzlaKZLi3eYa1nRPsbWms56RjQCFQalvT92Zt9j89PPxsyhdT++9s0aLKWDe3eVZpjY1329ZERXvW/1Dg==",
        "dependencies": {
          "Microsoft.Extensions.Compliance.Abstractions": "9.8.0",
          "Microsoft.Extensions.Logging.Abstractions": "9.0.8",
          "Microsoft.Extensions.ObjectPool": "9.0.8",
          "Microsoft.Extensions.Options": "9.0.8"
        }
      },
      "Microsoft.Identity.Client": {
        "type": "Transitive",
        "resolved": "4.73.1",
        "contentHash": "NnDLS8QwYqO5ZZecL2oioi1LUqjh5Ewk4bMLzbgiXJbQmZhDLtKwLxL3DpGMlQAJ2G4KgEnvGPKa+OOgffeJbw==",
        "dependencies": {
          "Microsoft.IdentityModel.Abstractions": "6.35.0",
          "System.Diagnostics.DiagnosticSource": "6.0.1"
        }
      },
      "Microsoft.Identity.Client.Extensions.Msal": {
        "type": "Transitive",
        "resolved": "4.73.1",
        "contentHash": "xDztAiV2F0wI0W8FLKv5cbaBefyLD6JVaAsvgSN7bjWNCzGYzHbcOEIP5s4TJXUpQzMfUyBsFl1mC6Zmgpz0PQ==",
        "dependencies": {
          "Microsoft.Identity.Client": "4.73.1",
          "System.Security.Cryptography.ProtectedData": "4.5.0"
        }
      },
      "Microsoft.IdentityModel.Abstractions": {
        "type": "Transitive",
        "resolved": "8.14.0",
        "contentHash": "iwbCpSjD3ehfTwBhtSNEtKPK0ICun6ov7Ibx6ISNA9bfwIyzI2Siwyi9eJFCJBwxowK9xcA1mj+jBWiigeqgcQ=="
      },
      "Microsoft.IdentityModel.JsonWebTokens": {
        "type": "Transitive",
        "resolved": "8.14.0",
        "contentHash": "4jOpiA4THdtpLyMdAb24dtj7+6GmvhOhxf5XHLYWmPKF8ApEnApal1UnJsKO4HxUWRXDA6C4WQVfYyqsRhpNpQ==",
        "dependencies": {
          "Microsoft.IdentityModel.Tokens": "8.14.0"
        }
      },
      "Microsoft.IdentityModel.Logging": {
        "type": "Transitive",
        "resolved": "8.14.0",
        "contentHash": "eqqnemdW38CKZEHS6diA50BV94QICozDZEvSrsvN3SJXUFwVB9gy+/oz76gldP7nZliA16IglXjXTCTdmU/Ejg==",
        "dependencies": {
          "Microsoft.IdentityModel.Abstractions": "8.14.0"
        }
      },
      "Microsoft.IdentityModel.Protocols": {
        "type": "Transitive",
        "resolved": "8.14.0",
        "contentHash": "rLr9HmibIpwkrOnsYyF3SGKx+6q2ewKDc3xzITngydqflG3TDVqAaby7yFRbP8du43If2S44fseoAkaL8A0Ivg==",
        "dependencies": {
          "Microsoft.IdentityModel.Tokens": "8.14.0"
        }
      },
      "Microsoft.IdentityModel.Tokens": {
        "type": "Transitive",
        "resolved": "8.14.0",
        "contentHash": "lKIZiBiGd36k02TCdMHp1KlNWisyIvQxcYJvIkz7P4gSQ9zi8dgh6S5Grj8NNG7HWYIPfQymGyoZ6JB5d1Lo1g==",
        "dependencies": {
          "Microsoft.Extensions.Logging.Abstractions": "8.0.0",
          "Microsoft.IdentityModel.Logging": "8.14.0"
        }
      },
      "Newtonsoft.Json": {
        "type": "Transitive",
        "resolved": "13.0.1",
        "contentHash": "ppPFpBcvxdsfUonNcvITKqLl3bqxWbDCZIzDWHzjpdAHRFfZe0Dw9HmA0+za13IdyrgJwpkDTDA9fHaxOrt20A=="
      },
      "Polly.Extensions": {
        "type": "Transitive",
        "resolved": "8.4.2",
        "contentHash": "GZ9vRVmR0jV2JtZavt+pGUsQ1O1cuRKG7R7VOZI6ZDy9y6RNPvRvXK1tuS4ffUrv8L0FTea59oEuQzgS0R7zSA==",
        "dependencies": {
          "Microsoft.Extensions.Logging.Abstractions": "8.0.0",
          "Microsoft.Extensions.Options": "8.0.0",
          "Polly.Core": "8.4.2"
        }
      },
      "Polly.RateLimiting": {
        "type": "Transitive",
        "resolved": "8.4.2",
        "contentHash": "ehTImQ/eUyO07VYW2WvwSmU9rRH200SKJ/3jku9rOkyWE0A2JxNFmAVms8dSn49QLSjmjFRRSgfNyOgr/2PSmA==",
        "dependencies": {
          "Polly.Core": "8.4.2",
          "System.Threading.RateLimiting": "8.0.0"
        }
      },
      "Swashbuckle.AspNetCore.Swagger": {
        "type": "Transitive",
        "resolved": "9.0.3",
        "contentHash": "CGpkZDWj1g/yH/0wYkxUtBhiFo5TY/Esq2fS0vlBvLOs1UL2Jzef9tdtYmTdd3zBPtnMyXQcsXjMt9yCxz4VaA==",
        "dependencies": {
          "Microsoft.OpenApi": "1.6.23"
        }
      },
      "Swashbuckle.AspNetCore.SwaggerGen": {
        "type": "Transitive",
        "resolved": "9.0.3",
        "contentHash": "STqjhw1TZiEGmIRgE6jcJUOcgU/Fjquc6dP4GqbuwBzqWZAWr/9T7FZOGWYEwKnmkMplzlUNepGHwnUrfTP0fw==",
        "dependencies": {
          "Swashbuckle.AspNetCore.Swagger": "9.0.3"
        }
      },
      "Swashbuckle.AspNetCore.SwaggerUI": {
        "type": "Transitive",
        "resolved": "9.0.3",
        "contentHash": "DgJKJASz5OAygeKv2+N0FCZVhQylESqLXrtrRAqIT0vKpX7t5ImJ1FL6+6OqxKiamGkL0jchRXR8OgpMSsMh8w=="
      },
      "System.Buffers": {
        "type": "Transitive",
        "resolved": "4.5.1",
        "contentHash": "Rw7ijyl1qqRS0YQD/WycNst8hUUMgrMH4FCn1nNm27M4VxchZ1js3fVjQaANHO5f3sN4isvP4a+Met9Y4YomAg=="
      },
      "System.ClientModel": {
        "type": "Transitive",
        "resolved": "1.5.1",
        "contentHash": "k2jKSO0X45IqhVOT9iQB4xralNN9foRQsRvXBTyRpAVxyzCJlG895T9qYrQWbcJ6OQXxOouJQ37x5nZH5XKK+A==",
        "dependencies": {
          "Microsoft.Extensions.Logging.Abstractions": "8.0.3",
          "System.Memory.Data": "8.0.1"
        }
      },
      "System.Diagnostics.DiagnosticSource": {
        "type": "Transitive",
        "resolved": "6.0.1",
        "contentHash": "KiLYDu2k2J82Q9BJpWiuQqCkFjRBWVq4jDzKKWawVi9KWzyD0XG3cmfX0vqTQlL14Wi9EufJrbL0+KCLTbqWiQ==",
        "dependencies": {
          "System.Runtime.CompilerServices.Unsafe": "6.0.0"
        }
      },
      "System.Memory": {
        "type": "Transitive",
        "resolved": "4.6.3",
        "contentHash": "qdcDOgnFZY40+Q9876JUHnlHu7bosOHX8XISRoH94fwk6hgaeQGSgfZd8srWRZNt5bV9ZW2TljcegDNxsf+96A=="
      },
      "System.Memory.Data": {
        "type": "Transitive",
        "resolved": "8.0.1",
        "contentHash": "BVYuec3jV23EMRDeR7Dr1/qhx7369dZzJ9IWy2xylvb4YfXsrUxspWc4UWYid/tj4zZK58uGZqn2WQiaDMhmAg=="
      },
      "System.Runtime.CompilerServices.Unsafe": {
        "type": "Transitive",
        "resolved": "6.0.0",
        "contentHash": "/iUeP3tq1S0XdNNoMz5C9twLSrM/TH+qElHkXWaPvuNOt+99G75NrV0OS2EqHx5wMN7popYjpc8oTjC1y16DLg=="
      },
      "System.Security.Cryptography.ProtectedData": {
        "type": "Transitive",
        "resolved": "4.5.0",
        "contentHash": "wLBKzFnDCxP12VL9ANydSYhk59fC4cvOr9ypYQLPnAj48NQIhqnjdD2yhP8yEKyBJEjERWS9DisKL7rX5eU25Q=="
      },
      "System.Threading.RateLimiting": {
        "type": "Transitive",
        "resolved": "8.0.0",
        "contentHash": "7mu9v0QDv66ar3DpGSZHg9NuNcxDaaAcnMULuZlaTpP9+hwXhrxNGsF5GmLkSHxFdb5bBc1TzeujsRgTrPWi+Q=="
      },
      "System.Threading.Tasks.Extensions": {
        "type": "Transitive",
        "resolved": "4.5.4",
        "contentHash": "zteT+G8xuGu6mS+mzDzYXbzS7rd3K6Fjb9RiZlYlJPam2/hU7JCBZBVEcywNuR+oZ1ncTvc/cq0faRr3P01OVg=="
      },
      "YamlDotNet": {
        "type": "Transitive",
        "resolved": "16.3.0",
        "contentHash": "SgMOdxbz8X65z8hraIs6hOEdnkH6hESTAIUa7viEngHOYaH+6q5XJmwr1+yb9vJpNQ19hCQY69xbFsLtXpobQA=="
      },
      "tyger.common": {
        "type": "Project",
        "dependencies": {
          "Asp.Versioning.Http": "[8.1.0, )",
          "Asp.Versioning.Mvc.ApiExplorer": "[8.1.0, )",
          "dunet": "[1.11.3, )"
        }
      }
    }
  }
}