{
  "version": 1,
  "dependencies": {
    "net10.0": {
      "Asp.Versioning.Http": {
        "type": "Direct",
        "requested": "[10.2.3, )",
        "resolved": "10.2.3",
        "contentHash": "tx/OIyp39OP2uM57MHn8GqRSCi7+XYFU3/KqcPeiqt8rQE+oiK4bRcMXZvShtiS+SbtifqXy4zg6vr5+LPubNQ==",
        "dependencies": {
          "Asp.Versioning.Abstractions": "10.2.1"
        }
      },
      "Asp.Versioning.Mvc.ApiExplorer": {
        "type": "Direct",
        "requested": "[10.2.1, )",
        "resolved": "10.2.1",
        "contentHash": "Tv1megkpUy+3FN9yfVJKIcYMLXTe5CPs4zftBxGaZhADJe6h9CJZ2Okh5cG4PoE7wzHTef+AK++8IuZta3Ppog==",
        "dependencies": {
          "Asp.Versioning.Mvc": "10.2.1"
        }
      },
      "Dunet": {
        "type": "Direct",
        "requested": "[1.16.2, )",
        "resolved": "1.16.2",
        "contentHash": "R4PEZo50RK76wRW1kq4xiQqX/hnrx8Gn+8T1XIEYuigyjVh3Guhtt3+b4GG2j3h+E3VadLINtbV+Id79nsFy/Q=="
      },
      "Asp.Versioning.Abstractions": {
        "type": "Transitive",
        "resolved": "10.2.1",
        "contentHash": "jMBztsVim+rYVrkNY23dMuOjTGXGQ9+je1xb3i17KgUof7OcBZtMMDduEWoCQ52SpTlYqKsuzgJyUMCMOFCBfg=="
      },
      "Asp.Versioning.Mvc": {
        "type": "Transitive",
        "resolved": "10.2.1",
        "contentHash": "fMzUraYZOAobKQn2PffrgPsULbCWFeWroYRYndPasxPsiQl1+i8x5qYRuMYZAbzDrBnymPUMBxT2gZG2PwbkcQ==",
        "dependencies": {
          "Asp.Versioning.Http": "10.2.1"
        }
      }
    }
  }
}